
Microsoft Visual Studio Solution File, Format Version 12.00
# Visual Studio 14
VisualStudioVersion = 14.0.25420.1
MinimumVisualStudioVersion = 10.0.40219.1
Project("{FAE04EC0-301F-11D3-BF4B-00C04F79EFBC}") = "SiloHost3", "SiloHost3\SiloHost3.csproj", "{93952684-45B0-4063-8E86-E02D214EED37}"
EndProject
Project("{FAE04EC0-301F-11D3-BF4B-00C04F79EFBC}") = "GrainInterfaces3", "GrainInterfaces3\GrainInterfaces3.csproj", "{217EB067-48AC-4045-89BC-0965F06B844E}"
EndProject
Project("{FAE04EC0-301F-11D3-BF4B-00C04F79EFBC}") = "Grains3", "Grains3\Grains3.csproj", "{284BCF51-AD2D-4471-A36D-C1C7E453DE17}"
EndProject
Project("{FAE04EC0-301F-11D3-BF4B-00C04F79EFBC}") = "SiloHost3Client", "SiloHost3Client\SiloHost3Client.csproj", "{7B6D8365-49B9-4D86-B83B-2064F24F9E11}"
EndProject
Project("{2150E333-8FDC-42A3-9474-1A3956D46DE8}") = "first_app", "first_app", "{9EC3FB13-82A3-4B5C-B381-F709339168E5}"
EndProject
Project("{2150E333-8FDC-42A3-9474-1A3956D46DE8}") = "Communication", "Communication", "{A12EFFD3-D293-4F7C-835F-F30AD83F8143}"
EndProject
Project("{FAE04EC0-301F-11D3-BF4B-00C04F79EFBC}") = "EmployeeGrainInterfaces", "communication\EmployeeGrainInterfaces\EmployeeGrainInterfaces.csproj", "{EF1061BC-66F1-4215-AEF2-A9B667C3523A}"
EndProject
Project("{FAE04EC0-301F-11D3-BF4B-00C04F79EFBC}") = "EmployeeGrains", "communication\EmployeeGrains\EmployeeGrains.csproj", "{E8F6332F-7668-45AF-9EA4-E58203189DA4}"
EndProject
Project("{FAE04EC0-301F-11D3-BF4B-00C04F79EFBC}") = "EmployeeSiloHost", "communication\EmployeeSiloHost\EmployeeSiloHost.csproj", "{20AD9030-54D5-4C29-B3C3-F4C732538E5C}"
EndProject
Project("{FAE04EC0-301F-11D3-BF4B-00C04F79EFBC}") = "EmployeeClient", "communication\EmployeeClient\EmployeeClient.csproj", "{21DF37C6-C4D2-4632-9156-D095BC2FAA66}"
EndProject
Global
	GlobalSection(SolutionConfigurationPlatforms) = preSolution
		Debug|Any CPU = Debug|Any CPU
		Release|Any CPU = Release|Any CPU
	EndGlobalSection
	GlobalSection(ProjectConfigurationPlatforms) = postSolution
		{93952684-45B0-4063-8E86-E02D214EED37}.Debug|Any CPU.ActiveCfg = Debug|Any CPU
		{93952684-45B0-4063-8E86-E02D214EED37}.Debug|Any CPU.Build.0 = Debug|Any CPU
		{93952684-45B0-4063-8E86-E02D214EED37}.Release|Any CPU.ActiveCfg = Release|Any CPU
		{93952684-45B0-4063-8E86-E02D214EED37}.Release|Any CPU.Build.0 = Release|Any CPU
		{217EB067-48AC-4045-89BC-0965F06B844E}.Debug|Any CPU.ActiveCfg = Debug|Any CPU
		{217EB067-48AC-4045-89BC-0965F06B844E}.Debug|Any CPU.Build.0 = Debug|Any CPU
		{217EB067-48AC-4045-89BC-0965F06B844E}.Release|Any CPU.ActiveCfg = Release|Any CPU
		{217EB067-48AC-4045-89BC-0965F06B844E}.Release|Any CPU.Build.0 = Release|Any CPU
		{284BCF51-AD2D-4471-A36D-C1C7E453DE17}.Debug|Any CPU.ActiveCfg = Debug|Any CPU
		{284BCF51-AD2D-4471-A36D-C1C7E453DE17}.Debug|Any CPU.Build.0 = Debug|Any CPU
		{284BCF51-AD2D-4471-A36D-C1C7E453DE17}.Release|Any CPU.ActiveCfg = Release|Any CPU
		{284BCF51-AD2D-4471-A36D-C1C7E453DE17}.Release|Any CPU.Build.0 = Release|Any CPU
		{7B6D8365-49B9-4D86-B83B-2064F24F9E11}.Debug|Any CPU.ActiveCfg = Debug|Any CPU
		{7B6D8365-49B9-4D86-B83B-2064F24F9E11}.Debug|Any CPU.Build.0 = Debug|Any CPU
		{7B6D8365-49B9-4D86-B83B-2064F24F9E11}.Release|Any CPU.ActiveCfg = Release|Any CPU
		{7B6D8365-49B9-4D86-B83B-2064F24F9E11}.Release|Any CPU.Build.0 = Release|Any CPU
		{EF1061BC-66F1-4215-AEF2-A9B667C3523A}.Debug|Any CPU.ActiveCfg = Debug|Any CPU
		{EF1061BC-66F1-4215-AEF2-A9B667C3523A}.Debug|Any CPU.Build.0 = Debug|Any CPU
		{EF1061BC-66F1-4215-AEF2-A9B667C3523A}.Release|Any CPU.ActiveCfg = Release|Any CPU
		{EF1061BC-66F1-4215-AEF2-A9B667C3523A}.Release|Any CPU.Build.0 = Release|Any CPU
		{E8F6332F-7668-45AF-9EA4-E58203189DA4}.Debug|Any CPU.ActiveCfg = Debug|Any CPU
		{E8F6332F-7668-45AF-9EA4-E58203189DA4}.Debug|Any CPU.Build.0 = Debug|Any CPU
		{E8F6332F-7668-45AF-9EA4-E58203189DA4}.Release|Any CPU.ActiveCfg = Release|Any CPU
		{E8F6332F-7668-45AF-9EA4-E58203189DA4}.Release|Any CPU.Build.0 = Release|Any CPU
		{20AD9030-54D5-4C29-B3C3-F4C732538E5C}.Debug|Any CPU.ActiveCfg = Debug|Any CPU
		{20AD9030-54D5-4C29-B3C3-F4C732538E5C}.Debug|Any CPU.Build.0 = Debug|Any CPU
		{20AD9030-54D5-4C29-B3C3-F4C732538E5C}.Release|Any CPU.ActiveCfg = Release|Any CPU
		{20AD9030-54D5-4C29-B3C3-F4C732538E5C}.Release|Any CPU.Build.0 = Release|Any CPU
		{21DF37C6-C4D2-4632-9156-D095BC2FAA66}.Debug|Any CPU.ActiveCfg = Debug|Any CPU
		{21DF37C6-C4D2-4632-9156-D095BC2FAA66}.Debug|Any CPU.Build.0 = Debug|Any CPU
		{21DF37C6-C4D2-4632-9156-D095BC2FAA66}.Release|Any CPU.ActiveCfg = Release|Any CPU
		{21DF37C6-C4D2-4632-9156-D095BC2FAA66}.Release|Any CPU.Build.0 = Release|Any CPU
	EndGlobalSection
	GlobalSection(SolutionProperties) = preSolution
		HideSolutionNode = FALSE
	EndGlobalSection
	GlobalSection(NestedProjects) = preSolution
		{93952684-45B0-4063-8E86-E02D214EED37} = {9EC3FB13-82A3-4B5C-B381-F709339168E5}
		{217EB067-48AC-4045-89BC-0965F06B844E} = {9EC3FB13-82A3-4B5C-B381-F709339168E5}
		{284BCF51-AD2D-4471-A36D-C1C7E453DE17} = {9EC3FB13-82A3-4B5C-B381-F709339168E5}
		{7B6D8365-49B9-4D86-B83B-2064F24F9E11} = {9EC3FB13-82A3-4B5C-B381-F709339168E5}
		{EF1061BC-66F1-4215-AEF2-A9B667C3523A} = {A12EFFD3-D293-4F7C-835F-F30AD83F8143}
		{E8F6332F-7668-45AF-9EA4-E58203189DA4} = {A12EFFD3-D293-4F7C-835F-F30AD83F8143}
		{20AD9030-54D5-4C29-B3C3-F4C732538E5C} = {A12EFFD3-D293-4F7C-835F-F30AD83F8143}
		{21DF37C6-C4D2-4632-9156-D095BC2FAA66} = {A12EFFD3-D293-4F7C-835F-F30AD83F8143}
	EndGlobalSection
EndGlobal
